
Microsoft Visual Studio Solution File, Format Version 12.00
# Visual Studio Version 16
VisualStudioVersion = 16.0.29123.88
MinimumVisualStudioVersion = 10.0.40219.1
Project("{FAE04EC0-301F-11D3-BF4B-00C04F79EFBC}") = "SmartDSP", "ezDMS\SmartDSP.csproj", "{0C516079-8DBC-4538-A6BE-BEC3BACC2176}"
EndProject
Project("{9A19103F-16F7-4668-BE54-9A1E7A4F7556}") = "SmartDSP_Deamon", "ezDeamon\SmartDSP_Deamon.csproj", "{5617334A-7BE6-4F80-8DA0-E5C85523D3D2}"
EndProject
Global
	GlobalSection(SolutionConfigurationPlatforms) = preSolution
		Debug|Any CPU = Debug|Any CPU
		Release|Any CPU = Release|Any CPU
	EndGlobalSection
	GlobalSection(ProjectConfigurationPlatforms) = postSolution
		{0C516079-8DBC-4538-A6BE-BEC3BACC2176}.Debug|Any CPU.ActiveCfg = Debug|Any CPU
		{0C516079-8DBC-4538-A6BE-BEC3BACC2176}.Debug|Any CPU.Build.0 = Debug|Any CPU
		{0C516079-8DBC-4538-A6BE-BEC3BACC2176}.Release|Any CPU.ActiveCfg = Release|Any CPU
		{0C516079-8DBC-4538-A6BE-BEC3BACC2176}.Release|Any CPU.Build.0 = Release|Any CPU
		{5617334A-7BE6-4F80-8DA0-E5C85523D3D2}.Debug|Any CPU.ActiveCfg = Debug|Any CPU
		{5617334A-7BE6-4F80-8DA0-E5C85523D3D2}.Debug|Any CPU.Build.0 = Debug|Any CPU
		{5617334A-7BE6-4F80-8DA0-E5C85523D3D2}.Release|Any CPU.ActiveCfg = Release|Any CPU
		{5617334A-7BE6-4F80-8DA0-E5C85523D3D2}.Release|Any CPU.Build.0 = Release|Any CPU
	EndGlobalSection
	GlobalSection(SolutionProperties) = preSolution
		HideSolutionNode = FALSE
	EndGlobalSection
	GlobalSection(ExtensibilityGlobals) = postSolution
		SolutionGuid = {8504EA3F-0726-44CD-8820-8A9DEC21CFE8}
	EndGlobalSection
EndGlobal
